// !$*UTF8*$!
{
	archiveVersion = 1;
	classes = {
	};
	objectVersion = 51;
	objects = {

/* Begin PBXBuildFile section */
		04544C25255B8321006DBCAF /* AppDelegate.swift in Sources */ = {isa = PBXBuildFile; fileRef = 04544C24255B8321006DBCAF /* AppDelegate.swift */; };
		04544C27255B8321006DBCAF /* SceneDelegate.swift in Sources */ = {isa = PBXBuildFile; fileRef = 04544C26255B8321006DBCAF /* SceneDelegate.swift */; };
		04544C29255B8321006DBCAF /* TemperatureTableViewController.swift in Sources */ = {isa = PBXBuildFile; fileRef = 04544C28255B8321006DBCAF /* TemperatureTableViewController.swift */; };
		04544C2C255B8321006DBCAF /* Main.storyboard in Resources */ = {isa = PBXBuildFile; fileRef = 04544C2A255B8321006DBCAF /* Main.storyboard */; };
		04544C2E255B8322006DBCAF /* Assets.xcassets in Resources */ = {isa = PBXBuildFile; fileRef = 04544C2D255B8322006DBCAF /* Assets.xcassets */; };
		04544C31255B8322006DBCAF /* LaunchScreen.storyboard in Resources */ = {isa = PBXBuildFile; fileRef = 04544C2F255B8322006DBCAF /* LaunchScreen.storyboard */; };
		04544C41255B837A006DBCAF /* HealthKit.framework in Frameworks */ = {isa = PBXBuildFile; fileRef = 04544C40255B837A006DBCAF /* HealthKit.framework */; };
		045ABC74255BB922007A558A /* TemperatureCell.swift in Sources */ = {isa = PBXBuildFile; fileRef = 045ABC73255BB922007A558A /* TemperatureCell.swift */; };
		04CE0EDA2574EB960048846C /* GoogleService-Info.plist in Resources */ = {isa = PBXBuildFile; fileRef = 04CE0ED92574EB960048846C /* GoogleService-Info.plist */; };
		04CE0EF22574F4320048846C /* TestTableViewController.swift in Sources */ = {isa = PBXBuildFile; fileRef = 04CE0EF12574F4320048846C /* TestTableViewController.swift */; };
		45C736DC02C4E4BB535B4166 /* Pods_TemperatureWitheOxygenSaturation.framework in Frameworks */ = {isa = PBXBuildFile; fileRef = 04D45E9E6EFF4DD1532A7412 /* Pods_TemperatureWitheOxygenSaturation.framework */; };
/* End PBXBuildFile section */

/* Begin PBXFileReference section */
		04544C21255B8321006DBCAF /* TemperatureWitheOxygenSaturation.app */ = {isa = PBXFileReference; explicitFileType = wrapper.application; includeInIndex = 0; path = TemperatureWitheOxygenSaturation.app; sourceTree = BUILT_PRODUCTS_DIR; };
		04544C24255B8321006DBCAF /* AppDelegate.swift */ = {isa = PBXFileReference; lastKnownFileType = sourcecode.swift; path = AppDelegate.swift; sourceTree = "<group>"; };
		04544C26255B8321006DBCAF /* SceneDelegate.swift */ = {isa = PBXFileReference; lastKnownFileType = sourcecode.swift; path = SceneDelegate.swift; sourceTree = "<group>"; };
		04544C28255B8321006DBCAF /* TemperatureTableViewController.swift */ = {isa = PBXFileReference; lastKnownFileType = sourcecode.swift; path = TemperatureTableViewController.swift; sourceTree = "<group>"; };
		04544C2B255B8321006DBCAF /* Base */ = {isa = PBXFileReference; lastKnownFileType = file.storyboard; name = Base; path = Base.lproj/Main.storyboard; sourceTree = "<group>"; };
		04544C2D255B8322006DBCAF /* Assets.xcassets */ = {isa = PBXFileReference; lastKnownFileType = folder.assetcatalog; path = Assets.xcassets; sourceTree = "<group>"; };
		04544C30255B8322006DBCAF /* Base */ = {isa = PBXFileReference; lastKnownFileType = file.storyboard; name = Base; path = Base.lproj/LaunchScreen.storyboard; sourceTree = "<group>"; };
		04544C32255B8322006DBCAF /* Info.plist */ = {isa = PBXFileReference; lastKnownFileType = text.plist.xml; path = Info.plist; sourceTree = "<group>"; };
		04544C3E255B837A006DBCAF /* TemperatureWitheOxygenSaturation.entitlements */ = {isa = PBXFileReference; lastKnownFileType = text.plist.entitlements; path = TemperatureWitheOxygenSaturation.entitlements; sourceTree = "<group>"; };
		04544C40255B837A006DBCAF /* HealthKit.framework */ = {isa = PBXFileReference; lastKnownFileType = wrapper.framework; name = HealthKit.framework; path = System/Library/Frameworks/HealthKit.framework; sourceTree = SDKROOT; };
		045ABC73255BB922007A558A /* TemperatureCell.swift */ = {isa = PBXFileReference; lastKnownFileType = sourcecode.swift; path = TemperatureCell.swift; sourceTree = "<group>"; };
		04CE0ED92574EB960048846C /* GoogleService-Info.plist */ = {isa = PBXFileReference; fileEncoding = 4; lastKnownFileType = text.plist.xml; path = "GoogleService-Info.plist"; sourceTree = "<group>"; };
		04CE0EF12574F4320048846C /* TestTableViewController.swift */ = {isa = PBXFileReference; lastKnownFileType = sourcecode.swift; path = TestTableViewController.swift; sourceTree = "<group>"; };
		04D45E9E6EFF4DD1532A7412 /* Pods_TemperatureWitheOxygenSaturation.framework */ = {isa = PBXFileReference; explicitFileType = wrapper.framework; includeInIndex = 0; path = Pods_TemperatureWitheOxygenSaturation.framework; sourceTree = BUILT_PRODUCTS_DIR; };
		607743730E123211866B0EFC /* Pods-TemperatureWitheOxygenSaturation.debug.xcconfig */ = {isa = PBXFileReference; includeInIndex = 1; lastKnownFileType = text.xcconfig; name = "Pods-TemperatureWitheOxygenSaturation.debug.xcconfig"; path = "Target Support Files/Pods-TemperatureWitheOxygenSaturation/Pods-TemperatureWitheOxygenSaturation.debug.xcconfig"; sourceTree = "<group>"; };
		DAFDF59F2D909AC210000E4A /* Pods-TemperatureWitheOxygenSaturation.release.xcconfig */ = {isa = PBXFileReference; includeInIndex = 1; lastKnownFileType = text.xcconfig; name = "Pods-TemperatureWitheOxygenSaturation.release.xcconfig"; path = "Target Support Files/Pods-TemperatureWitheOxygenSaturation/Pods-TemperatureWitheOxygenSaturation.release.xcconfig"; sourceTree = "<group>"; };
/* End PBXFileReference section */

/* Begin PBXFrameworksBuildPhase section */
		04544C1E255B8321006DBCAF /* Frameworks */ = {
			isa = PBXFrameworksBuildPhase;
			buildActionMask = 2147483647;
			files = (
				04544C41255B837A006DBCAF /* HealthKit.framework in Frameworks */,
				45C736DC02C4E4BB535B4166 /* Pods_TemperatureWitheOxygenSaturation.framework in Frameworks */,
			);
			runOnlyForDeploymentPostprocessing = 0;
		};
/* End PBXFrameworksBuildPhase section */

/* Begin PBXGroup section */
		04544C18255B8321006DBCAF = {
			isa = PBXGroup;
			children = (
				04544C23255B8321006DBCAF /* TemperatureWitheOxygenSaturation */,
				04544C22255B8321006DBCAF /* Products */,
				04544C3F255B837A006DBCAF /* Frameworks */,
				E38FDA960697CC0CFA9B9061 /* Pods */,
			);
			sourceTree = "<group>";
		};
		04544C22255B8321006DBCAF /* Products */ = {
			isa = PBXGroup;
			children = (
				04544C21255B8321006DBCAF /* TemperatureWitheOxygenSaturation.app */,
			);
			name = Products;
			sourceTree = "<group>";
		};
		04544C23255B8321006DBCAF /* TemperatureWitheOxygenSaturation */ = {
			isa = PBXGroup;
			children = (
				04544C2A255B8321006DBCAF /* Main.storyboard */,
				04544C3E255B837A006DBCAF /* TemperatureWitheOxygenSaturation.entitlements */,
				04544C24255B8321006DBCAF /* AppDelegate.swift */,
				04544C26255B8321006DBCAF /* SceneDelegate.swift */,
				045ABC73255BB922007A558A /* TemperatureCell.swift */,
				04544C28255B8321006DBCAF /* TemperatureTableViewController.swift */,
				04544C2D255B8322006DBCAF /* Assets.xcassets */,
				04544C2F255B8322006DBCAF /* LaunchScreen.storyboard */,
				04544C32255B8322006DBCAF /* Info.plist */,
				04CE0ED92574EB960048846C /* GoogleService-Info.plist */,
				04CE0EF12574F4320048846C /* TestTableViewController.swift */,
			);
			path = TemperatureWitheOxygenSaturation;
			sourceTree = "<group>";
		};
		04544C3F255B837A006DBCAF /* Frameworks */ = {
			isa = PBXGroup;
			children = (
				04544C40255B837A006DBCAF /* HealthKit.framework */,
				04D45E9E6EFF4DD1532A7412 /* Pods_TemperatureWitheOxygenSaturation.framework */,
			);
			name = Frameworks;
			sourceTree = "<group>";
		};
		E38FDA960697CC0CFA9B9061 /* Pods */ = {
			isa = PBXGroup;
			children = (
				607743730E123211866B0EFC /* Pods-TemperatureWitheOxygenSaturation.debug.xcconfig */,
				DAFDF59F2D909AC210000E4A /* Pods-TemperatureWitheOxygenSaturation.release.xcconfig */,
			);
			path = Pods;
			sourceTree = "<group>";
		};
/* End PBXGroup section */

/* Begin PBXNativeTarget section */
		04544C20255B8321006DBCAF /* TemperatureWitheOxygenSaturation */ = {
			isa = PBXNativeTarget;
			buildConfigurationList = 04544C35255B8322006DBCAF /* Build configuration list for PBXNativeTarget "TemperatureWitheOxygenSaturation" */;
			buildPhases = (
				90260C67E13395D0F4F2E3DC /* [CP] Check Pods Manifest.lock */,
				04544C1D255B8321006DBCAF /* Sources */,
				04544C1E255B8321006DBCAF /* Frameworks */,
				04544C1F255B8321006DBCAF /* Resources */,
				942150BE36F75032038C421C /* [CP] Embed Pods Frameworks */,
			);
			buildRules = (
			);
			dependencies = (
			);
			name = TemperatureWitheOxygenSaturation;
			productName = TemperatureWitheOxygenSaturation;
			productReference = 04544C21255B8321006DBCAF /* TemperatureWitheOxygenSaturation.app */;
			productType = "com.apple.product-type.application";
		};
/* End PBXNativeTarget section */

/* Begin PBXProject section */
		04544C19255B8321006DBCAF /* Project object */ = {
			isa = PBXProject;
			attributes = {
				LastSwiftUpdateCheck = 1210;
				LastUpgradeCheck = 1210;
				TargetAttributes = {
					04544C20255B8321006DBCAF = {
						CreatedOnToolsVersion = 12.1;
					};
				};
			};
			buildConfigurationList = 04544C1C255B8321006DBCAF /* Build configuration list for PBXProject "TemperatureWitheOxygenSaturation" */;
			compatibilityVersion = "Xcode 9.3";
			developmentRegion = en;
			hasScannedForEncodings = 0;
			knownRegions = (
				en,
				Base,
			);
			mainGroup = 04544C18255B8321006DBCAF;
			productRefGroup = 04544C22255B8321006DBCAF /* Products */;
			projectDirPath = "";
			projectRoot = "";
			targets = (
				04544C20255B8321006DBCAF /* TemperatureWitheOxygenSaturation */,
			);
		};
/* End PBXProject section */

/* Begin PBXResourcesBuildPhase section */
		04544C1F255B8321006DBCAF /* Resources */ = {
			isa = PBXResourcesBuildPhase;
			buildActionMask = 2147483647;
			files = (
				04544C31255B8322006DBCAF /* LaunchScreen.storyboard in Resources */,
				04CE0EDA2574EB960048846C /* GoogleService-Info.plist in Resources */,
				04544C2E255B8322006DBCAF /* Assets.xcassets in Resources */,
				04544C2C255B8321006DBCAF /* Main.storyboard in Resources */,
			);
			runOnlyForDeploymentPostprocessing = 0;
		};
/* End PBXResourcesBuildPhase section */

/* Begin PBXShellScriptBuildPhase section */
		90260C67E13395D0F4F2E3DC /* [CP] Check Pods Manifest.lock */ = {
			isa = PBXShellScriptBuildPhase;
			buildActionMask = 2147483647;
			files = (
			);
			inputFileListPaths = (
			);
			inputPaths = (
				"${PODS_PODFILE_DIR_PATH}/Podfile.lock",
				"${PODS_ROOT}/Manifest.lock",
			);
			name = "[CP] Check Pods Manifest.lock";
			outputFileListPaths = (
			);
			outputPaths = (
				"$(DERIVED_FILE_DIR)/Pods-TemperatureWitheOxygenSaturation-checkManifestLockResult.txt",
			);
			runOnlyForDeploymentPostprocessing = 0;
			shellPath = /bin/sh;
			shellScript = "diff \"${PODS_PODFILE_DIR_PATH}/Podfile.lock\" \"${PODS_ROOT}/Manifest.lock\" > /dev/null\nif [ $? != 0 ] ; then\n    # print error to STDERR\n    echo \"error: The sandbox is not in sync with the Podfile.lock. Run 'pod install' or update your CocoaPods installation.\" >&2\n    exit 1\nfi\n# This output is used by Xcode 'outputs' to avoid re-running this script phase.\necho \"SUCCESS\" > \"${SCRIPT_OUTPUT_FILE_0}\"\n";
			showEnvVarsInLog = 0;
		};
		942150BE36F75032038C421C /* [CP] Embed Pods Frameworks */ = {
			isa = PBXShellScriptBuildPhase;
			buildActionMask = 2147483647;
			files = (
			);
			inputFileListPaths = (
				"${PODS_ROOT}/Target Support Files/Pods-TemperatureWitheOxygenSaturation/Pods-TemperatureWitheOxygenSaturation-frameworks-${CONFIGURATION}-input-files.xcfilelist",
			);
			name = "[CP] Embed Pods Frameworks";
			outputFileListPaths = (
				"${PODS_ROOT}/Target Support Files/Pods-TemperatureWitheOxygenSaturation/Pods-TemperatureWitheOxygenSaturation-frameworks-${CONFIGURATION}-output-files.xcfilelist",
			);
			runOnlyForDeploymentPostprocessing = 0;
			shellPath = /bin/sh;
			shellScript = "\"${PODS_ROOT}/Target Support Files/Pods-TemperatureWitheOxygenSaturation/Pods-TemperatureWitheOxygenSaturation-frameworks.sh\"\n";
			showEnvVarsInLog = 0;
		};
/* End PBXShellScriptBuildPhase section */

/* Begin PBXSourcesBuildPhase section */
		04544C1D255B8321006DBCAF /* Sources */ = {
			isa = PBXSourcesBuildPhase;
			buildActionMask = 2147483647;
			files = (
				04544C29255B8321006DBCAF /* TemperatureTableViewController.swift in Sources */,
				04CE0EF22574F4320048846C /* TestTableViewController.swift in Sources */,
				04544C25255B8321006DBCAF /* AppDelegate.swift in Sources */,
				045ABC74255BB922007A558A /* TemperatureCell.swift in Sources */,
				04544C27255B8321006DBCAF /* SceneDelegate.swift in Sources */,
			);
			runOnlyForDeploymentPostprocessing = 0;
		};
/* End PBXSourcesBuildPhase section */

/* Begin PBXVariantGroup section */
		04544C2A255B8321006DBCAF /* Main.storyboard */ = {
			isa = PBXVariantGroup;
			children = (
				04544C2B255B8321006DBCAF /* Base */,
			);
			name = Main.storyboard;
			sourceTree = "<group>";
		};
		04544C2F255B8322006DBCAF /* LaunchScreen.storyboard */ = {
			isa = PBXVariantGroup;
			children = (
				04544C30255B8322006DBCAF /* Base */,
			);
			name = LaunchScreen.storyboard;
			sourceTree = "<group>";
		};
/* End PBXVariantGroup section */

/* Begin XCBuildConfiguration section */
		04544C33255B8322006DBCAF /* Debug */ = {
			isa = XCBuildConfiguration;
			buildSettings = {
				ALWAYS_SEARCH_USER_PATHS = NO;
				CLANG_ANALYZER_NONNULL = YES;
				CLANG_ANALYZER_NUMBER_OBJECT_CONVERSION = YES_AGGRESSIVE;
				CLANG_CXX_LANGUAGE_STANDARD = "gnu++14";
				CLANG_CXX_LIBRARY = "libc++";
				CLANG_ENABLE_MODULES = YES;
				CLANG_ENABLE_OBJC_ARC = YES;
				CLANG_ENABLE_OBJC_WEAK = YES;
				CLANG_WARN_BLOCK_CAPTURE_AUTORELEASING = YES;
				CLANG_WARN_BOOL_CONVERSION = YES;
				CLANG_WARN_COMMA = YES;
				CLANG_WARN_CONSTANT_CONVERSION = YES;
				CLANG_WARN_DEPRECATED_OBJC_IMPLEMENTATIONS = YES;
				CLANG_WARN_DIRECT_OBJC_ISA_USAGE = YES_ERROR;
				CLANG_WARN_DOCUMENTATION_COMMENTS = YES;
				CLANG_WARN_EMPTY_BODY = YES;
				CLANG_WARN_ENUM_CONVERSION = YES;
				CLANG_WARN_INFINITE_RECURSION = YES;
				CLANG_WARN_INT_CONVERSION = YES;
				CLANG_WARN_NON_LITERAL_NULL_CONVERSION = YES;
				CLANG_WARN_OBJC_IMPLICIT_RETAIN_SELF = YES;
				CLANG_WARN_OBJC_LITERAL_CONVERSION = YES;
				CLANG_WARN_OBJC_ROOT_CLASS = YES_ERROR;
				CLANG_WARN_QUOTED_INCLUDE_IN_FRAMEWORK_HEADER = YES;
				CLANG_WARN_RANGE_LOOP_ANALYSIS = YES;
				CLANG_WARN_STRICT_PROTOTYPES = YES;
				CLANG_WARN_SUSPICIOUS_MOVE = YES;
				CLANG_WARN_UNGUARDED_AVAILABILITY = YES_AGGRESSIVE;
				CLANG_WARN_UNREACHABLE_CODE = YES;
				CLANG_WARN__DUPLICATE_METHOD_MATCH = YES;
				COPY_PHASE_STRIP = NO;
				DEBUG_INFORMATION_FORMAT = dwarf;
				ENABLE_STRICT_OBJC_MSGSEND = YES;
				ENABLE_TESTABILITY = YES;
				GCC_C_LANGUAGE_STANDARD = gnu11;
				GCC_DYNAMIC_NO_PIC = NO;
				GCC_NO_COMMON_BLOCKS = YES;
				GCC_OPTIMIZATION_LEVEL = 0;
				GCC_PREPROCESSOR_DEFINITIONS = (
					"DEBUG=1",
					"$(inherited)",
				);
				GCC_WARN_64_TO_32_BIT_CONVERSION = YES;
				GCC_WARN_ABOUT_RETURN_TYPE = YES_ERROR;
				GCC_WARN_UNDECLARED_SELECTOR = YES;
				GCC_WARN_UNINITIALIZED_AUTOS = YES_AGGRESSIVE;
				GCC_WARN_UNUSED_FUNCTION = YES;
				GCC_WARN_UNUSED_VARIABLE = YES;
				IPHONEOS_DEPLOYMENT_TARGET = 13.2;
				MTL_ENABLE_DEBUG_INFO = INCLUDE_SOURCE;
				MTL_FAST_MATH = YES;
				ONLY_ACTIVE_ARCH = YES;
				SDKROOT = iphoneos;
				SWIFT_ACTIVE_COMPILATION_CONDITIONS = DEBUG;
				SWIFT_OPTIMIZATION_LEVEL = "-Onone";
			};
			name = Debug;
		};
		04544C34255B8322006DBCAF /* Release */ = {
			isa = XCBuildConfiguration;
			buildSettings = {
				ALWAYS_SEARCH_USER_PATHS = NO;
				CLANG_ANALYZER_NONNULL = YES;
				CLANG_ANALYZER_NUMBER_OBJECT_CONVERSION = YES_AGGRESSIVE;
				CLANG_CXX_LANGUAGE_STANDARD = "gnu++14";
				CLANG_CXX_LIBRARY = "libc++";
				CLANG_ENABLE_MODULES = YES;
				CLANG_ENABLE_OBJC_ARC = YES;
				CLANG_ENABLE_OBJC_WEAK = YES;
				CLANG_WARN_BLOCK_CAPTURE_AUTORELEASING = YES;
				CLANG_WARN_BOOL_CONVERSION = YES;
				CLANG_WARN_COMMA = YES;
				CLANG_WARN_CONSTANT_CONVERSION = YES;
				CLANG_WARN_DEPRECATED_OBJC_IMPLEMENTATIONS = YES;
				CLANG_WARN_DIRECT_OBJC_ISA_USAGE = YES_ERROR;
				CLANG_WARN_DOCUMENTATION_COMMENTS = YES;
				CLANG_WARN_EMPTY_BODY = YES;
				CLANG_WARN_ENUM_CONVERSION = YES;
				CLANG_WARN_INFINITE_RECURSION = YES;
				CLANG_WARN_INT_CONVERSION = YES;
				CLANG_WARN_NON_LITERAL_NULL_CONVERSION = YES;
				CLANG_WARN_OBJC_IMPLICIT_RETAIN_SELF = YES;
				CLANG_WARN_OBJC_LITERAL_CONVERSION = YES;
				CLANG_WARN_OBJC_ROOT_CLASS = YES_ERROR;
				CLANG_WARN_QUOTED_INCLUDE_IN_FRAMEWORK_HEADER = YES;
				CLANG_WARN_RANGE_LOOP_ANALYSIS = YES;
				CLANG_WARN_STRICT_PROTOTYPES = YES;
				CLANG_WARN_SUSPICIOUS_MOVE = YES;
				CLANG_WARN_UNGUARDED_AVAILABILITY = YES_AGGRESSIVE;
				CLANG_WARN_UNREACHABLE_CODE = YES;
				CLANG_WARN__DUPLICATE_METHOD_MATCH = YES;
				COPY_PHASE_STRIP = NO;
				DEBUG_INFORMATION_FORMAT = "dwarf-with-dsym";
				ENABLE_NS_ASSERTIONS = NO;
				ENABLE_STRICT_OBJC_MSGSEND = YES;
				GCC_C_LANGUAGE_STANDARD = gnu11;
				GCC_NO_COMMON_BLOCKS = YES;
				GCC_WARN_64_TO_32_BIT_CONVERSION = YES;
				GCC_WARN_ABOUT_RETURN_TYPE = YES_ERROR;
				GCC_WARN_UNDECLARED_SELECTOR = YES;
				GCC_WARN_UNINITIALIZED_AUTOS = YES_AGGRESSIVE;
				GCC_WARN_UNUSED_FUNCTION = YES;
				GCC_WARN_UNUSED_VARIABLE = YES;
				IPHONEOS_DEPLOYMENT_TARGET = 13.2;
				MTL_ENABLE_DEBUG_INFO = NO;
				MTL_FAST_MATH = YES;
				SDKROOT = iphoneos;
				SWIFT_COMPILATION_MODE = wholemodule;
				SWIFT_OPTIMIZATION_LEVEL = "-O";
				VALIDATE_PRODUCT = YES;
			};
			name = Release;
		};
		04544C36255B8322006DBCAF /* Debug */ = {
			isa = XCBuildConfiguration;
			baseConfigurationReference = 607743730E123211866B0EFC /* Pods-TemperatureWitheOxygenSaturation.debug.xcconfig */;
			buildSettings = {
				ASSETCATALOG_COMPILER_APPICON_NAME = AppIcon;
				ASSETCATALOG_COMPILER_GLOBAL_ACCENT_COLOR_NAME = AccentColor;
				CODE_SIGN_ENTITLEMENTS = TemperatureWitheOxygenSaturation/TemperatureWitheOxygenSaturation.entitlements;
				CODE_SIGN_STYLE = Automatic;
				DEVELOPMENT_TEAM = 2F54VR68GM;
				INFOPLIST_FILE = TemperatureWitheOxygenSaturation/Info.plist;
				LD_RUNPATH_SEARCH_PATHS = (
					"$(inherited)",
					"@executable_path/Frameworks",
				);
				PRODUCT_BUNDLE_IDENTIFIER = com.fomagran.TemperatureWitheOxygenSaturation;
				PRODUCT_NAME = "$(TARGET_NAME)";
				SWIFT_VERSION = 5.0;
				TARGETED_DEVICE_FAMILY = "1,2";
			};
			name = Debug;
		};
		04544C37255B8322006DBCAF /* Release */ = {
			isa = XCBuildConfiguration;
			baseConfigurationReference = DAFDF59F2D909AC210000E4A /* Pods-TemperatureWitheOxygenSaturation.release.xcconfig */;
			buildSettings = {
				ASSETCATALOG_COMPILER_APPICON_NAME = AppIcon;
				ASSETCATALOG_COMPILER_GLOBAL_ACCENT_COLOR_NAME = AccentColor;
				CODE_SIGN_ENTITLEMENTS = TemperatureWitheOxygenSaturation/TemperatureWitheOxygenSaturation.entitlements;
				CODE_SIGN_STYLE = Automatic;
				DEVELOPMENT_TEAM = 2F54VR68GM;
				INFOPLIST_FILE = TemperatureWitheOxygenSaturation/Info.plist;
				LD_RUNPATH_SEARCH_PATHS = (
					"$(inherited)",
					"@executable_path/Frameworks",
				);
				PRODUCT_BUNDLE_IDENTIFIER = com.fomagran.TemperatureWitheOxygenSaturation;
				PRODUCT_NAME = "$(TARGET_NAME)";
				SWIFT_VERSION = 5.0;
				TARGETED_DEVICE_FAMILY = "1,2";
			};
			name = Release;
		};
/* End XCBuildConfiguration section */

/* Begin XCConfigurationList section */
		04544C1C255B8321006DBCAF /* Build configuration list for PBXProject "TemperatureWitheOxygenSaturation" */ = {
			isa = XCConfigurationList;
			buildConfigurations = (
				04544C33255B8322006DBCAF /* Debug */,
				04544C34255B8322006DBCAF /* Release */,
			);
			defaultConfigurationIsVisible = 0;
			defaultConfigurationName = Release;
		};
		04544C35255B8322006DBCAF /* Build configuration list for PBXNativeTarget "TemperatureWitheOxygenSaturation" */ = {
			isa = XCConfigurationList;
			buildConfigurations = (
				04544C36255B8322006DBCAF /* Debug */,
				04544C37255B8322006DBCAF /* Release */,
			);
			defaultConfigurationIsVisible = 0;
			defaultConfigurationName = Release;
		};
/* End XCConfigurationList section */
	};
	rootObject = 04544C19255B8321006DBCAF /* Project object */;
}
